
Microsoft Visual Studio Solution File, Format Version 12.00
# Visual Studio 14
VisualStudioVersion = 14.0.25420.1
MinimumVisualStudioVersion = 10.0.40219.1
Project("{2150E333-8FDC-42A3-9474-1A3956D46DE8}") = "Data", "Data", "{84747C25-EBF1-4FE9-91A9-E62C61728691}"
EndProject
Project("{2150E333-8FDC-42A3-9474-1A3956D46DE8}") = "Tests", "Tests", "{13C27A83-C8C5-4929-882E-D0CA3A09DDBC}"
EndProject
Project("{2150E333-8FDC-42A3-9474-1A3956D46DE8}") = "EFandPocos", "EFandPocos", "{4560265E-CC3C-4770-ABC7-BD2384F8805C}"
EndProject
Project("{2150E333-8FDC-42A3-9474-1A3956D46DE8}") = "Repositories", "Repositories", "{58D56F3D-4EDA-44CF-97FA-2E8D1DD71DBC}"
EndProject
Project("{FAE04EC0-301F-11D3-BF4B-00C04F79EFBC}") = "Pocos", "Pocos\Pocos.csproj", "{67EFA704-7C59-4C43-9FBF-9836BA6AA771}"
EndProject
Project("{FAE04EC0-301F-11D3-BF4B-00C04F79EFBC}") = "Repos", "Repos\Repos.csproj", "{1D6218F5-7A74-4AEE-A815-8BB5B2876C23}"
EndProject
Project("{FAE04EC0-301F-11D3-BF4B-00C04F79EFBC}") = "DAL", "DAL\DAL.csproj", "{7D7BD00E-0245-481C-BD45-05F86F99ECA1}"
EndProject
Project("{FAE04EC0-301F-11D3-BF4B-00C04F79EFBC}") = "DalTests", "DalTests\DalTests.csproj", "{1D528CDD-8A25-4FBC-BDF4-129D26ABE5B2}"
EndProject
Project("{2150E333-8FDC-42A3-9474-1A3956D46DE8}") = "ZeDatabase", "ZeDatabase", "{DE215D35-840E-4A4A-8E4E-4AB02A0A5A18}"
EndProject
Project("{00D1A9C2-B5F0-4AF3-8072-F6C62B433612}") = "InsuranceDb", "InsuranceDb\InsuranceDb.sqlproj", "{62752728-68D8-4A44-B81D-93CCB8B48353}"
EndProject
Global
	GlobalSection(SolutionConfigurationPlatforms) = preSolution
		Debug|Any CPU = Debug|Any CPU
		Release|Any CPU = Release|Any CPU
	EndGlobalSection
	GlobalSection(ProjectConfigurationPlatforms) = postSolution
		{67EFA704-7C59-4C43-9FBF-9836BA6AA771}.Debug|Any CPU.ActiveCfg = Debug|Any CPU
		{67EFA704-7C59-4C43-9FBF-9836BA6AA771}.Debug|Any CPU.Build.0 = Debug|Any CPU
		{67EFA704-7C59-4C43-9FBF-9836BA6AA771}.Release|Any CPU.ActiveCfg = Release|Any CPU
		{67EFA704-7C59-4C43-9FBF-9836BA6AA771}.Release|Any CPU.Build.0 = Release|Any CPU
		{1D6218F5-7A74-4AEE-A815-8BB5B2876C23}.Debug|Any CPU.ActiveCfg = Debug|Any CPU
		{1D6218F5-7A74-4AEE-A815-8BB5B2876C23}.Debug|Any CPU.Build.0 = Debug|Any CPU
		{1D6218F5-7A74-4AEE-A815-8BB5B2876C23}.Release|Any CPU.ActiveCfg = Release|Any CPU
		{1D6218F5-7A74-4AEE-A815-8BB5B2876C23}.Release|Any CPU.Build.0 = Release|Any CPU
		{7D7BD00E-0245-481C-BD45-05F86F99ECA1}.Debug|Any CPU.ActiveCfg = Debug|Any CPU
		{7D7BD00E-0245-481C-BD45-05F86F99ECA1}.Debug|Any CPU.Build.0 = Debug|Any CPU
		{7D7BD00E-0245-481C-BD45-05F86F99ECA1}.Release|Any CPU.ActiveCfg = Release|Any CPU
		{7D7BD00E-0245-481C-BD45-05F86F99ECA1}.Release|Any CPU.Build.0 = Release|Any CPU
		{1D528CDD-8A25-4FBC-BDF4-129D26ABE5B2}.Debug|Any CPU.ActiveCfg = Debug|Any CPU
		{1D528CDD-8A25-4FBC-BDF4-129D26ABE5B2}.Debug|Any CPU.Build.0 = Debug|Any CPU
		{1D528CDD-8A25-4FBC-BDF4-129D26ABE5B2}.Release|Any CPU.ActiveCfg = Release|Any CPU
		{1D528CDD-8A25-4FBC-BDF4-129D26ABE5B2}.Release|Any CPU.Build.0 = Release|Any CPU
		{62752728-68D8-4A44-B81D-93CCB8B48353}.Debug|Any CPU.ActiveCfg = Debug|Any CPU
		{62752728-68D8-4A44-B81D-93CCB8B48353}.Debug|Any CPU.Build.0 = Debug|Any CPU
		{62752728-68D8-4A44-B81D-93CCB8B48353}.Debug|Any CPU.Deploy.0 = Debug|Any CPU
		{62752728-68D8-4A44-B81D-93CCB8B48353}.Release|Any CPU.ActiveCfg = Release|Any CPU
		{62752728-68D8-4A44-B81D-93CCB8B48353}.Release|Any CPU.Build.0 = Release|Any CPU
		{62752728-68D8-4A44-B81D-93CCB8B48353}.Release|Any CPU.Deploy.0 = Release|Any CPU
	EndGlobalSection
	GlobalSection(SolutionProperties) = preSolution
		HideSolutionNode = FALSE
	EndGlobalSection
	GlobalSection(NestedProjects) = preSolution
		{4560265E-CC3C-4770-ABC7-BD2384F8805C} = {84747C25-EBF1-4FE9-91A9-E62C61728691}
		{58D56F3D-4EDA-44CF-97FA-2E8D1DD71DBC} = {84747C25-EBF1-4FE9-91A9-E62C61728691}
		{67EFA704-7C59-4C43-9FBF-9836BA6AA771} = {4560265E-CC3C-4770-ABC7-BD2384F8805C}
		{1D6218F5-7A74-4AEE-A815-8BB5B2876C23} = {58D56F3D-4EDA-44CF-97FA-2E8D1DD71DBC}
		{7D7BD00E-0245-481C-BD45-05F86F99ECA1} = {84747C25-EBF1-4FE9-91A9-E62C61728691}
		{1D528CDD-8A25-4FBC-BDF4-129D26ABE5B2} = {13C27A83-C8C5-4929-882E-D0CA3A09DDBC}
		{DE215D35-840E-4A4A-8E4E-4AB02A0A5A18} = {84747C25-EBF1-4FE9-91A9-E62C61728691}
		{62752728-68D8-4A44-B81D-93CCB8B48353} = {DE215D35-840E-4A4A-8E4E-4AB02A0A5A18}
	EndGlobalSection
	GlobalSection(ExtensibilityGlobals) = postSolution
		VisualSVNWorkingCopyRoot = .
	EndGlobalSection
EndGlobal
